{
  "version": 4,
  "terraform_version": "0.14.8",
  "serial": 1,
  "lineage": "99143f5d-cba0-f7a0-cfa6-c15065e7a354",
  "outputs": {},
  "resources": [
    {
      "mode": "managed",
      "type": "aws_vpc",
      "name": "my_training_VPC",
      "provider": "provider[\"registry.terraform.io/hashicorp/aws\"]",
      "instances": [
        {
          "schema_version": 1,
          "attributes": {
            "arn": "arn:aws:ec2:us-east-1:106154677277:vpc/vpc-0f708a5427878f0e4",
            "assign_generated_ipv6_cidr_block": false,
            "cidr_block": "10.15.0.0/16",
            "default_network_acl_id": "acl-0f3b180938190cbf2",
            "default_route_table_id": "rtb-0b2b6648f004e150c",
            "default_security_group_id": "sg-0a23beaddced1cab6",
            "dhcp_options_id": "dopt-73520c09",
            "enable_classiclink": false,
            "enable_classiclink_dns_support": false,
            "enable_dns_hostnames": false,
            "enable_dns_support": true,
            "id": "vpc-0f708a5427878f0e4",
            "instance_tenancy": "default",
            "ipv6_association_id": "",
            "ipv6_cidr_block": "",
            "main_route_table_id": "rtb-0b2b6648f004e150c",
            "owner_id": "106154677277",
            "tags": {
              "Environment": "TRNG",
              "Name": "My_VPC-TRNG",
              "chargeCode": "333444555666"
            },
            "tags_all": {
              "Environment": "TRNG",
              "Name": "My_VPC-TRNG",
              "chargeCode": "333444555666"
            }
          },
          "sensitive_attributes": [],
          "private": "eyJzY2hlbWFfdmVyc2lvbiI6IjEifQ=="
        }
      ]
    }
  ]
}
