{
  "version": 4,
  "terraform_version": "0.14.8",
  "serial": 1,
  "lineage": "7cd427af-0766-c15a-090e-2bd3fc7100bb",
  "outputs": {},
  "resources": [
    {
      "mode": "managed",
      "type": "aws_vpc",
      "name": "my_training_VPC",
      "provider": "provider[\"registry.terraform.io/hashicorp/aws\"]",
      "instances": [
        {
          "schema_version": 1,
          "attributes": {
            "arn": "arn:aws:ec2:us-east-1:106154677277:vpc/vpc-07ddcb2c51086e5cd",
            "assign_generated_ipv6_cidr_block": false,
            "cidr_block": "10.30.0.0/16",
            "default_network_acl_id": "acl-0da59e6f2e81826b0",
            "default_route_table_id": "rtb-0b95f25789c287fca",
            "default_security_group_id": "sg-0f1d8d2ae0de5e502",
            "dhcp_options_id": "dopt-73520c09",
            "enable_classiclink": false,
            "enable_classiclink_dns_support": false,
            "enable_dns_hostnames": false,
            "enable_dns_support": true,
            "id": "vpc-07ddcb2c51086e5cd",
            "instance_tenancy": "default",
            "ipv6_association_id": "",
            "ipv6_cidr_block": "",
            "main_route_table_id": "rtb-0b95f25789c287fca",
            "owner_id": "106154677277",
            "tags": {
              "Environment": "QA",
              "Name": "My_VPC-QA",
              "chargeCode": "111222333444"
            },
            "tags_all": {
              "Environment": "QA",
              "Name": "My_VPC-QA",
              "chargeCode": "111222333444"
            }
          },
          "sensitive_attributes": [],
          "private": "eyJzY2hlbWFfdmVyc2lvbiI6IjEifQ=="
        }
      ]
    }
  ]
}
