{
  "version": 4,
  "terraform_version": "0.14.8",
  "serial": 4,
  "lineage": "dd9adea0-463e-1099-573b-76fc2b60582f",
  "outputs": {},
  "resources": [
    {
      "mode": "managed",
      "type": "aws_vpc",
      "name": "my_training_VPC",
      "provider": "provider[\"registry.terraform.io/hashicorp/aws\"]",
      "instances": [
        {
          "schema_version": 1,
          "attributes": {
            "arn": "arn:aws:ec2:us-east-1:106154677277:vpc/vpc-08d92cc4539f801da",
            "assign_generated_ipv6_cidr_block": false,
            "cidr_block": "10.20.0.0/16",
            "default_network_acl_id": "acl-04670768ea8f476ef",
            "default_route_table_id": "rtb-0b5ff359eab59096e",
            "default_security_group_id": "sg-00e94c4f490f2d460",
            "dhcp_options_id": "dopt-73520c09",
            "enable_classiclink": false,
            "enable_classiclink_dns_support": false,
            "enable_dns_hostnames": false,
            "enable_dns_support": true,
            "id": "vpc-08d92cc4539f801da",
            "instance_tenancy": "default",
            "ipv6_association_id": "",
            "ipv6_cidr_block": "",
            "main_route_table_id": "rtb-0b5ff359eab59096e",
            "owner_id": "106154677277",
            "tags": {
              "Environment": "Dev",
              "Name": "My_training_VPC",
              "chargeCode": "000111222333"
            },
            "tags_all": {
              "Environment": "Dev",
              "Name": "My_training_VPC",
              "chargeCode": "000111222333"
            }
          },
          "sensitive_attributes": [],
          "private": "eyJzY2hlbWFfdmVyc2lvbiI6IjEifQ=="
        }
      ]
    }
  ]
}
