{
  "version": 4,
  "terraform_version": "0.14.8",
  "serial": 1,
  "lineage": "feafdc28-a7fe-bf1d-1525-e2fb960d228c",
  "outputs": {},
  "resources": [
    {
      "mode": "managed",
      "type": "aws_vpc",
      "name": "my_training_VPC",
      "provider": "provider[\"registry.terraform.io/hashicorp/aws\"]",
      "instances": [
        {
          "schema_version": 1,
          "attributes": {
            "arn": "arn:aws:ec2:us-east-1:106154677277:vpc/vpc-033cb31e5e42da1f6",
            "assign_generated_ipv6_cidr_block": false,
            "cidr_block": "10.35.0.0/16",
            "default_network_acl_id": "acl-0f0bfd53022ae9bbb",
            "default_route_table_id": "rtb-08f4336a4db70ce44",
            "default_security_group_id": "sg-04cc4a16234d2836e",
            "dhcp_options_id": "dopt-73520c09",
            "enable_classiclink": false,
            "enable_classiclink_dns_support": false,
            "enable_dns_hostnames": false,
            "enable_dns_support": true,
            "id": "vpc-033cb31e5e42da1f6",
            "instance_tenancy": "default",
            "ipv6_association_id": "",
            "ipv6_cidr_block": "",
            "main_route_table_id": "rtb-08f4336a4db70ce44",
            "owner_id": "106154677277",
            "tags": {
              "Environment": "UAT",
              "Name": "My_VPC-UAT",
              "chargeCode": "222333444555"
            },
            "tags_all": {
              "Environment": "UAT",
              "Name": "My_VPC-UAT",
              "chargeCode": "222333444555"
            }
          },
          "sensitive_attributes": [],
          "private": "eyJzY2hlbWFfdmVyc2lvbiI6IjEifQ=="
        }
      ]
    }
  ]
}
