{
  "version": 4,
  "terraform_version": "0.14.8",
  "serial": 282,
  "lineage": "9ddb369f-cad5-1b6b-af2c-866f4afcccef",
  "outputs": {},
  "resources": [
    {
      "mode": "data",
      "type": "aws_availability_zones",
      "name": "current_azs",
      "provider": "provider[\"registry.terraform.io/hashicorp/aws\"]",
      "instances": [
        {
          "schema_version": 0,
          "attributes": {
            "all_availability_zones": null,
            "exclude_names": null,
            "exclude_zone_ids": null,
            "filter": null,
            "group_names": [
              "us-east-1"
            ],
            "id": "us-east-1",
            "names": [
              "us-east-1a",
              "us-east-1b",
              "us-east-1c",
              "us-east-1d",
              "us-east-1e",
              "us-east-1f"
            ],
            "state": null,
            "zone_ids": [
              "use1-az4",
              "use1-az6",
              "use1-az1",
              "use1-az2",
              "use1-az3",
              "use1-az5"
            ]
          },
          "sensitive_attributes": []
        }
      ]
    },
    {
      "mode": "managed",
      "type": "aws_iam_instance_profile",
      "name": "my_IAM_instance_profile",
      "provider": "provider[\"registry.terraform.io/hashicorp/aws\"]",
      "instances": [
        {
          "schema_version": 0,
          "attributes": {
            "arn": "arn:aws:iam::499679880366:instance-profile/my_IAM_instance_profile",
            "create_date": "2021-03-25T04:11:04Z",
            "id": "my_IAM_instance_profile",
            "name": "my_IAM_instance_profile",
            "name_prefix": null,
            "path": "/",
            "role": "my_ec2-WEB_role",
            "unique_id": "AIPAXIVZ54SXHI52H3N7H"
          },
          "sensitive_attributes": [],
          "private": "bnVsbA==",
          "dependencies": [
            "aws_iam_role.my_ec2-WEB_role"
          ]
        }
      ]
    },
    {
      "mode": "managed",
      "type": "aws_iam_role",
      "name": "my_ec2-WEB_role",
      "provider": "provider[\"registry.terraform.io/hashicorp/aws\"]",
      "instances": [
        {
          "schema_version": 0,
          "attributes": {
            "arn": "arn:aws:iam::499679880366:role/my_ec2-WEB_role",
            "assume_role_policy": "{\"Version\":\"2012-10-17\",\"Statement\":[{\"Sid\":\"\",\"Effect\":\"Allow\",\"Principal\":{\"Service\":\"ec2.amazonaws.com\"},\"Action\":\"sts:AssumeRole\"}]}",
            "create_date": "2021-03-25T04:11:01Z",
            "description": "",
            "force_detach_policies": false,
            "id": "my_ec2-WEB_role",
            "inline_policy": [
              {
                "name": "my_ec2-WEB_Policy",
                "policy": "{\"Statement\":[{\"Action\":[\"ec2:Describe*\"],\"Effect\":\"Allow\",\"Resource\":\"*\"}],\"Version\":\"2012-10-17\"}"
              }
            ],
            "managed_policy_arns": [],
            "max_session_duration": 3600,
            "name": "my_ec2-WEB_role",
            "name_prefix": null,
            "path": "/",
            "permissions_boundary": null,
            "tags": {},
            "unique_id": "AROAXIVZ54SXN6IVTNMS4"
          },
          "sensitive_attributes": [],
          "private": "bnVsbA=="
        }
      ]
    },
    {
      "mode": "managed",
      "type": "aws_iam_role_policy",
      "name": "my_ec2-WEB_Policy",
      "provider": "provider[\"registry.terraform.io/hashicorp/aws\"]",
      "instances": [
        {
          "schema_version": 0,
          "attributes": {
            "id": "my_ec2-WEB_role:my_ec2-WEB_Policy",
            "name": "my_ec2-WEB_Policy",
            "name_prefix": null,
            "policy": "{\"Statement\":[{\"Action\":[\"ec2:Describe*\"],\"Effect\":\"Allow\",\"Resource\":\"*\"}],\"Version\":\"2012-10-17\"}",
            "role": "my_ec2-WEB_role"
          },
          "sensitive_attributes": [],
          "private": "bnVsbA==",
          "dependencies": [
            "aws_iam_role.my_ec2-WEB_role"
          ]
        }
      ]
    },
    {
      "mode": "managed",
      "type": "aws_instance",
      "name": "my_ec2-WEB",
      "provider": "provider[\"registry.terraform.io/hashicorp/aws\"]",
      "instances": [
        {
          "index_key": 0,
          "schema_version": 1,
          "attributes": {
            "ami": "ami-0b898040803850657",
            "arn": "arn:aws:ec2:us-east-1:499679880366:instance/i-0c939e49058ad6c95",
            "associate_public_ip_address": true,
            "availability_zone": "us-east-1a",
            "cpu_core_count": 1,
            "cpu_threads_per_core": 1,
            "credit_specification": [
              {
                "cpu_credits": "standard"
              }
            ],
            "disable_api_termination": false,
            "ebs_block_device": [],
            "ebs_optimized": false,
            "enclave_options": [
              {
                "enabled": false
              }
            ],
            "ephemeral_block_device": [],
            "get_password_data": false,
            "hibernation": false,
            "host_id": null,
            "iam_instance_profile": "my_IAM_instance_profile",
            "id": "i-0c939e49058ad6c95",
            "instance_initiated_shutdown_behavior": null,
            "instance_state": "running",
            "instance_type": "t2.micro",
            "ipv6_address_count": 0,
            "ipv6_addresses": [],
            "key_name": "my_keyPair_web_Ec2",
            "metadata_options": [
              {
                "http_endpoint": "enabled",
                "http_put_response_hop_limit": 1,
                "http_tokens": "optional"
              }
            ],
            "monitoring": false,
            "network_interface": [],
            "outpost_arn": "",
            "password_data": "",
            "placement_group": "",
            "primary_network_interface_id": "eni-0d8044cc22d4f8795",
            "private_dns": "ip-10-20-0-91.ec2.internal",
            "private_ip": "10.20.0.91",
            "public_dns": "",
            "public_ip": "34.224.37.147",
            "root_block_device": [
              {
                "delete_on_termination": true,
                "device_name": "/dev/xvda",
                "encrypted": false,
                "iops": 100,
                "kms_key_id": "",
                "tags": {},
                "throughput": 0,
                "volume_id": "vol-03cfdfb0d04e4d1bc",
                "volume_size": 8,
                "volume_type": "gp2"
              }
            ],
            "secondary_private_ips": [],
            "security_groups": [],
            "source_dest_check": true,
            "subnet_id": "subnet-0fe93ef8ac4caf6a9",
            "tags": {
              "Environment": "DEV",
              "Name": "My_EC2-WEB-DEV-us-east-1"
            },
            "tenancy": "default",
            "timeouts": null,
            "user_data": "6b0546ce29ed8cb491a5e013eeff90869fd58d03",
            "user_data_base64": null,
            "volume_tags": null,
            "vpc_security_group_ids": [
              "sg-04495ace10cb71d06"
            ]
          },
          "sensitive_attributes": [],
          "private": "eyJlMmJmYjczMC1lY2FhLTExZTYtOGY4OC0zNDM2M2JjN2M0YzAiOnsiY3JlYXRlIjo2MDAwMDAwMDAwMDAsImRlbGV0ZSI6MTIwMDAwMDAwMDAwMCwidXBkYXRlIjo2MDAwMDAwMDAwMDB9LCJzY2hlbWFfdmVyc2lvbiI6IjEifQ==",
          "dependencies": [
            "aws_iam_instance_profile.my_IAM_instance_profile",
            "aws_key_pair.my_keyPair_web_Ec2",
            "aws_security_group.my_security_group_WEB",
            "aws_subnet.my_public_subnets",
            "data.aws_availability_zones.current_azs"
          ]
        },
        {
          "index_key": 1,
          "schema_version": 1,
          "attributes": {
            "ami": "ami-0b898040803850657",
            "arn": "arn:aws:ec2:us-east-1:499679880366:instance/i-0d41e09247103daf0",
            "associate_public_ip_address": true,
            "availability_zone": "us-east-1b",
            "cpu_core_count": 1,
            "cpu_threads_per_core": 1,
            "credit_specification": [
              {
                "cpu_credits": "standard"
              }
            ],
            "disable_api_termination": false,
            "ebs_block_device": [],
            "ebs_optimized": false,
            "enclave_options": [
              {
                "enabled": false
              }
            ],
            "ephemeral_block_device": [],
            "get_password_data": false,
            "hibernation": false,
            "host_id": null,
            "iam_instance_profile": "my_IAM_instance_profile",
            "id": "i-0d41e09247103daf0",
            "instance_initiated_shutdown_behavior": null,
            "instance_state": "running",
            "instance_type": "t2.micro",
            "ipv6_address_count": 0,
            "ipv6_addresses": [],
            "key_name": "my_keyPair_web_Ec2",
            "metadata_options": [
              {
                "http_endpoint": "enabled",
                "http_put_response_hop_limit": 1,
                "http_tokens": "optional"
              }
            ],
            "monitoring": false,
            "network_interface": [],
            "outpost_arn": "",
            "password_data": "",
            "placement_group": "",
            "primary_network_interface_id": "eni-05975969abcdc96d4",
            "private_dns": "ip-10-20-1-107.ec2.internal",
            "private_ip": "10.20.1.107",
            "public_dns": "",
            "public_ip": "3.93.44.15",
            "root_block_device": [
              {
                "delete_on_termination": true,
                "device_name": "/dev/xvda",
                "encrypted": false,
                "iops": 100,
                "kms_key_id": "",
                "tags": {},
                "throughput": 0,
                "volume_id": "vol-027828b785cc5f0a7",
                "volume_size": 8,
                "volume_type": "gp2"
              }
            ],
            "secondary_private_ips": [],
            "security_groups": [],
            "source_dest_check": true,
            "subnet_id": "subnet-04de78b30cf3607b0",
            "tags": {
              "Environment": "DEV",
              "Name": "My_EC2-WEB-DEV-us-east-1"
            },
            "tenancy": "default",
            "timeouts": null,
            "user_data": "6b0546ce29ed8cb491a5e013eeff90869fd58d03",
            "user_data_base64": null,
            "volume_tags": null,
            "vpc_security_group_ids": [
              "sg-04495ace10cb71d06"
            ]
          },
          "sensitive_attributes": [],
          "private": "eyJlMmJmYjczMC1lY2FhLTExZTYtOGY4OC0zNDM2M2JjN2M0YzAiOnsiY3JlYXRlIjo2MDAwMDAwMDAwMDAsImRlbGV0ZSI6MTIwMDAwMDAwMDAwMCwidXBkYXRlIjo2MDAwMDAwMDAwMDB9LCJzY2hlbWFfdmVyc2lvbiI6IjEifQ==",
          "dependencies": [
            "aws_iam_instance_profile.my_IAM_instance_profile",
            "aws_key_pair.my_keyPair_web_Ec2",
            "aws_security_group.my_security_group_WEB",
            "aws_subnet.my_public_subnets",
            "data.aws_availability_zones.current_azs"
          ]
        }
      ]
    },
    {
      "mode": "managed",
      "type": "aws_instance",
      "name": "my_nat",
      "provider": "provider[\"registry.terraform.io/hashicorp/aws\"]",
      "instances": [
        {
          "schema_version": 1,
          "attributes": {
            "ami": "ami-00a9d4a05375b2763",
            "arn": "arn:aws:ec2:us-east-1:499679880366:instance/i-017c7c9887bab7190",
            "associate_public_ip_address": true,
            "availability_zone": "us-east-1a",
            "cpu_core_count": 1,
            "cpu_threads_per_core": 1,
            "credit_specification": [
              {
                "cpu_credits": "standard"
              }
            ],
            "disable_api_termination": false,
            "ebs_block_device": [],
            "ebs_optimized": false,
            "enclave_options": [
              {
                "enabled": false
              }
            ],
            "ephemeral_block_device": [],
            "get_password_data": false,
            "hibernation": false,
            "host_id": null,
            "iam_instance_profile": "",
            "id": "i-017c7c9887bab7190",
            "instance_initiated_shutdown_behavior": null,
            "instance_state": "running",
            "instance_type": "t2.micro",
            "ipv6_address_count": 0,
            "ipv6_addresses": [],
            "key_name": "",
            "metadata_options": [
              {
                "http_endpoint": "enabled",
                "http_put_response_hop_limit": 1,
                "http_tokens": "optional"
              }
            ],
            "monitoring": false,
            "network_interface": [],
            "outpost_arn": "",
            "password_data": "",
            "placement_group": "",
            "primary_network_interface_id": "eni-0d69b84645ba053fd",
            "private_dns": "ip-10-20-0-181.ec2.internal",
            "private_ip": "10.20.0.181",
            "public_dns": "",
            "public_ip": "54.175.211.204",
            "root_block_device": [
              {
                "delete_on_termination": true,
                "device_name": "/dev/xvda",
                "encrypted": false,
                "iops": 0,
                "kms_key_id": "",
                "tags": {},
                "throughput": 0,
                "volume_id": "vol-0a730844c945a3ee5",
                "volume_size": 8,
                "volume_type": "standard"
              }
            ],
            "secondary_private_ips": [],
            "security_groups": [],
            "source_dest_check": false,
            "subnet_id": "subnet-0fe93ef8ac4caf6a9",
            "tags": {
              "Environment": "DEV",
              "Name": "My_EC2-NAT-DEV-us-east-1"
            },
            "tenancy": "default",
            "timeouts": null,
            "user_data": null,
            "user_data_base64": null,
            "volume_tags": null,
            "vpc_security_group_ids": [
              "sg-077ccd86b0b159366"
            ]
          },
          "sensitive_attributes": [],
          "private": "eyJlMmJmYjczMC1lY2FhLTExZTYtOGY4OC0zNDM2M2JjN2M0YzAiOnsiY3JlYXRlIjo2MDAwMDAwMDAwMDAsImRlbGV0ZSI6MTIwMDAwMDAwMDAwMCwidXBkYXRlIjo2MDAwMDAwMDAwMDB9LCJzY2hlbWFfdmVyc2lvbiI6IjEifQ==",
          "dependencies": [
            "aws_security_group.my_security_group_NAT",
            "aws_subnet.my_public_subnets",
            "aws_vpc.my_training_VPC",
            "data.aws_availability_zones.current_azs"
          ]
        }
      ]
    },
    {
      "mode": "managed",
      "type": "aws_internet_gateway",
      "name": "my_igw",
      "provider": "provider[\"registry.terraform.io/hashicorp/aws\"]",
      "instances": [
        {
          "schema_version": 0,
          "attributes": {
            "arn": "arn:aws:ec2:us-east-1:499679880366:internet-gateway/igw-03bb2a7a8d13edf65",
            "id": "igw-03bb2a7a8d13edf65",
            "owner_id": "499679880366",
            "tags": {
              "Name": "My_igw-DEV"
            },
            "vpc_id": "vpc-0cd96db14b3c21a80"
          },
          "sensitive_attributes": [],
          "private": "bnVsbA==",
          "dependencies": [
            "aws_vpc.my_training_VPC"
          ]
        }
      ]
    },
    {
      "mode": "managed",
      "type": "aws_key_pair",
      "name": "my_keyPair_web_Ec2",
      "provider": "provider[\"registry.terraform.io/hashicorp/aws\"]",
      "instances": [
        {
          "schema_version": 1,
          "attributes": {
            "arn": "arn:aws:ec2:us-east-1:499679880366:key-pair/my_keyPair_web_Ec2",
            "fingerprint": "b8:4e:c4:c2:26:b9:60:63:8a:26:77:5f:3e:cc:e5:94",
            "id": "my_keyPair_web_Ec2",
            "key_name": "my_keyPair_web_Ec2",
            "key_name_prefix": null,
            "key_pair_id": "key-01503d3239625b98f",
            "public_key": "ssh-rsa AAAAB3NzaC1yc2EAAAADAQABAAABgQDmR/rDWb3AM9DvSJgFVNW+PudKIM7XbfIJPiLFj6+7ncZgOjD5jkpdQ+FqUS8wNoXQ0c4x9fUuhrrt3NK3XWCkA5rgdUNKT5x4gfmnl6MD8QK9FNFr8JUr7yBoQqkhM7kR3goyrs3PFtGFrPgQ8my8FatyiR9aTRP+pa/TeSAIOKDIhIHcDk6q+AIhWO43iLYPDvCUKdcWY5plAtPFU5nCvMih7Eb/yYHnkyNNtTsvl9Y4bXuvB9C4PiPzJwI+6Jd7WkA6xnnge8fCSk6IYhWF131EJJbUw9h7krD9PZjF8S/LLSLi8dmhHH1CKAI+/drgveCWEGN7+28/vo1nPVsUywwRzUmBOCXJjhr6u3jswua7N5alwrOu5Rs4+Qdg+jy1HRUPW/lxQDkstQ+M4UJVKCp42tR2wpfC2XTfNsX9HAwEfoTlQVgt/JGMTTWmDor4nrCpg9CxFdepcrHkm6C0MT8gCkGYLODnF6jMu3IL7pe+v+iNk5sZ3KcNWARrJrM= Administrator@EC2AMAZ-VD7NU5O",
            "tags": null
          },
          "sensitive_attributes": [],
          "private": "eyJzY2hlbWFfdmVyc2lvbiI6IjEifQ=="
        }
      ]
    },
    {
      "mode": "managed",
      "type": "aws_route_table",
      "name": "my_routeTable_private",
      "provider": "provider[\"registry.terraform.io/hashicorp/aws\"]",
      "instances": [
        {
          "schema_version": 0,
          "attributes": {
            "id": "rtb-0d0728f22d2064830",
            "owner_id": "499679880366",
            "propagating_vgws": [],
            "route": [
              {
                "cidr_block": "0.0.0.0/0",
                "egress_only_gateway_id": "",
                "gateway_id": "",
                "instance_id": "i-017c7c9887bab7190",
                "ipv6_cidr_block": "",
                "local_gateway_id": "",
                "nat_gateway_id": "",
                "network_interface_id": "eni-0d69b84645ba053fd",
                "transit_gateway_id": "",
                "vpc_endpoint_id": "",
                "vpc_peering_connection_id": ""
              }
            ],
            "tags": {
              "Name": "My_Private_RouteTable-DEV"
            },
            "vpc_id": "vpc-0cd96db14b3c21a80"
          },
          "sensitive_attributes": [],
          "private": "bnVsbA==",
          "dependencies": [
            "aws_instance.my_nat",
            "aws_security_group.my_security_group_NAT",
            "aws_subnet.my_public_subnets",
            "aws_vpc.my_training_VPC",
            "data.aws_availability_zones.current_azs"
          ]
        }
      ]
    },
    {
      "mode": "managed",
      "type": "aws_route_table",
      "name": "my_routeTable_public",
      "provider": "provider[\"registry.terraform.io/hashicorp/aws\"]",
      "instances": [
        {
          "schema_version": 0,
          "attributes": {
            "id": "rtb-0fe0b660f88eeb66f",
            "owner_id": "499679880366",
            "propagating_vgws": [],
            "route": [
              {
                "cidr_block": "0.0.0.0/0",
                "egress_only_gateway_id": "",
                "gateway_id": "igw-03bb2a7a8d13edf65",
                "instance_id": "",
                "ipv6_cidr_block": "",
                "local_gateway_id": "",
                "nat_gateway_id": "",
                "network_interface_id": "",
                "transit_gateway_id": "",
                "vpc_endpoint_id": "",
                "vpc_peering_connection_id": ""
              }
            ],
            "tags": {
              "Name": "My_public_RouteTable-DEV"
            },
            "vpc_id": "vpc-0cd96db14b3c21a80"
          },
          "sensitive_attributes": [],
          "private": "bnVsbA==",
          "dependencies": [
            "aws_internet_gateway.my_igw",
            "aws_vpc.my_training_VPC"
          ]
        }
      ]
    },
    {
      "mode": "managed",
      "type": "aws_route_table_association",
      "name": "my_rt_association_private",
      "provider": "provider[\"registry.terraform.io/hashicorp/aws\"]",
      "instances": [
        {
          "index_key": 0,
          "schema_version": 0,
          "attributes": {
            "gateway_id": null,
            "id": "rtbassoc-0c78c8cdf378c574e",
            "route_table_id": "rtb-0d0728f22d2064830",
            "subnet_id": "subnet-0436f7111ba9633b1"
          },
          "sensitive_attributes": [],
          "private": "bnVsbA==",
          "dependencies": [
            "aws_instance.my_nat",
            "aws_route_table.my_routeTable_private",
            "aws_security_group.my_security_group_NAT",
            "aws_subnet.my_private_subnets",
            "aws_subnet.my_public_subnets",
            "aws_vpc.my_training_VPC",
            "data.aws_availability_zones.current_azs"
          ]
        },
        {
          "index_key": 1,
          "schema_version": 0,
          "attributes": {
            "gateway_id": null,
            "id": "rtbassoc-00d1ad7b59e92b1c3",
            "route_table_id": "rtb-0d0728f22d2064830",
            "subnet_id": "subnet-0ca45ba5ea3c097dc"
          },
          "sensitive_attributes": [],
          "private": "bnVsbA==",
          "dependencies": [
            "aws_instance.my_nat",
            "aws_route_table.my_routeTable_private",
            "aws_security_group.my_security_group_NAT",
            "aws_subnet.my_private_subnets",
            "aws_subnet.my_public_subnets",
            "aws_vpc.my_training_VPC",
            "data.aws_availability_zones.current_azs"
          ]
        }
      ]
    },
    {
      "mode": "managed",
      "type": "aws_route_table_association",
      "name": "my_rt_association_public",
      "provider": "provider[\"registry.terraform.io/hashicorp/aws\"]",
      "instances": [
        {
          "index_key": 0,
          "schema_version": 0,
          "attributes": {
            "gateway_id": null,
            "id": "rtbassoc-00626f60fd43810a5",
            "route_table_id": "rtb-0fe0b660f88eeb66f",
            "subnet_id": "subnet-0fe93ef8ac4caf6a9"
          },
          "sensitive_attributes": [],
          "private": "bnVsbA==",
          "dependencies": [
            "aws_internet_gateway.my_igw",
            "aws_route_table.my_routeTable_public",
            "aws_subnet.my_public_subnets",
            "aws_vpc.my_training_VPC",
            "data.aws_availability_zones.current_azs"
          ]
        },
        {
          "index_key": 1,
          "schema_version": 0,
          "attributes": {
            "gateway_id": null,
            "id": "rtbassoc-0e361871729b11aed",
            "route_table_id": "rtb-0fe0b660f88eeb66f",
            "subnet_id": "subnet-04de78b30cf3607b0"
          },
          "sensitive_attributes": [],
          "private": "bnVsbA==",
          "dependencies": [
            "aws_internet_gateway.my_igw",
            "aws_route_table.my_routeTable_public",
            "aws_subnet.my_public_subnets",
            "aws_vpc.my_training_VPC",
            "data.aws_availability_zones.current_azs"
          ]
        },
        {
          "index_key": 2,
          "schema_version": 0,
          "attributes": {
            "gateway_id": null,
            "id": "rtbassoc-0a9d9912c939efd96",
            "route_table_id": "rtb-0fe0b660f88eeb66f",
            "subnet_id": "subnet-0a9f49e9e2c35fc18"
          },
          "sensitive_attributes": [],
          "private": "bnVsbA==",
          "dependencies": [
            "aws_internet_gateway.my_igw",
            "aws_route_table.my_routeTable_public",
            "aws_subnet.my_public_subnets",
            "aws_vpc.my_training_VPC",
            "data.aws_availability_zones.current_azs"
          ]
        },
        {
          "index_key": 3,
          "schema_version": 0,
          "attributes": {
            "gateway_id": null,
            "id": "rtbassoc-07bc3d79bd0e9bdd8",
            "route_table_id": "rtb-0fe0b660f88eeb66f",
            "subnet_id": "subnet-0c0c39fae42320e35"
          },
          "sensitive_attributes": [],
          "private": "bnVsbA==",
          "dependencies": [
            "aws_internet_gateway.my_igw",
            "aws_route_table.my_routeTable_public",
            "aws_subnet.my_public_subnets",
            "aws_vpc.my_training_VPC",
            "data.aws_availability_zones.current_azs"
          ]
        },
        {
          "index_key": 4,
          "schema_version": 0,
          "attributes": {
            "gateway_id": null,
            "id": "rtbassoc-03fb6ddbf18c20ccc",
            "route_table_id": "rtb-0fe0b660f88eeb66f",
            "subnet_id": "subnet-0d65669148050c635"
          },
          "sensitive_attributes": [],
          "private": "bnVsbA==",
          "dependencies": [
            "aws_internet_gateway.my_igw",
            "aws_route_table.my_routeTable_public",
            "aws_subnet.my_public_subnets",
            "aws_vpc.my_training_VPC",
            "data.aws_availability_zones.current_azs"
          ]
        },
        {
          "index_key": 5,
          "schema_version": 0,
          "attributes": {
            "gateway_id": null,
            "id": "rtbassoc-0b38274b5990c604c",
            "route_table_id": "rtb-0fe0b660f88eeb66f",
            "subnet_id": "subnet-0b62164b1851599bb"
          },
          "sensitive_attributes": [],
          "private": "bnVsbA==",
          "dependencies": [
            "aws_internet_gateway.my_igw",
            "aws_route_table.my_routeTable_public",
            "aws_subnet.my_public_subnets",
            "aws_vpc.my_training_VPC",
            "data.aws_availability_zones.current_azs"
          ]
        }
      ]
    },
    {
      "mode": "managed",
      "type": "aws_security_group",
      "name": "my_security_group_NAT",
      "provider": "provider[\"registry.terraform.io/hashicorp/aws\"]",
      "instances": [
        {
          "schema_version": 1,
          "attributes": {
            "arn": "arn:aws:ec2:us-east-1:499679880366:security-group/sg-077ccd86b0b159366",
            "description": "Allow traffic for Private Subnets",
            "egress": [
              {
                "cidr_blocks": [
                  "0.0.0.0/0"
                ],
                "description": "",
                "from_port": 0,
                "ipv6_cidr_blocks": [],
                "prefix_list_ids": [],
                "protocol": "-1",
                "security_groups": [],
                "self": false,
                "to_port": 0
              }
            ],
            "id": "sg-077ccd86b0b159366",
            "ingress": [],
            "name": "My_SecurityGroup-NAT-DEV",
            "name_prefix": "",
            "owner_id": "499679880366",
            "revoke_rules_on_delete": false,
            "tags": {},
            "timeouts": null,
            "vpc_id": "vpc-0cd96db14b3c21a80"
          },
          "sensitive_attributes": [],
          "private": "eyJlMmJmYjczMC1lY2FhLTExZTYtOGY4OC0zNDM2M2JjN2M0YzAiOnsiY3JlYXRlIjo2MDAwMDAwMDAwMDAsImRlbGV0ZSI6NjAwMDAwMDAwMDAwfSwic2NoZW1hX3ZlcnNpb24iOiIxIn0=",
          "dependencies": [
            "aws_vpc.my_training_VPC"
          ]
        }
      ]
    },
    {
      "mode": "managed",
      "type": "aws_security_group",
      "name": "my_security_group_WEB",
      "provider": "provider[\"registry.terraform.io/hashicorp/aws\"]",
      "instances": [
        {
          "schema_version": 1,
          "attributes": {
            "arn": "arn:aws:ec2:us-east-1:499679880366:security-group/sg-04495ace10cb71d06",
            "description": "Allow traffic for WEB App",
            "egress": [
              {
                "cidr_blocks": [
                  "0.0.0.0/0"
                ],
                "description": "",
                "from_port": 0,
                "ipv6_cidr_blocks": [],
                "prefix_list_ids": [],
                "protocol": "-1",
                "security_groups": [],
                "self": false,
                "to_port": 0
              }
            ],
            "id": "sg-04495ace10cb71d06",
            "ingress": [
              {
                "cidr_blocks": [
                  "0.0.0.0/0"
                ],
                "description": "",
                "from_port": 22,
                "ipv6_cidr_blocks": [],
                "prefix_list_ids": [],
                "protocol": "tcp",
                "security_groups": [],
                "self": false,
                "to_port": 22
              },
              {
                "cidr_blocks": [
                  "0.0.0.0/0"
                ],
                "description": "",
                "from_port": 80,
                "ipv6_cidr_blocks": [],
                "prefix_list_ids": [],
                "protocol": "tcp",
                "security_groups": [],
                "self": false,
                "to_port": 80
              }
            ],
            "name": "My_SecurityGroup-WEB-DEV",
            "name_prefix": "",
            "owner_id": "499679880366",
            "revoke_rules_on_delete": false,
            "tags": {},
            "timeouts": null,
            "vpc_id": "vpc-0cd96db14b3c21a80"
          },
          "sensitive_attributes": [],
          "private": "eyJlMmJmYjczMC1lY2FhLTExZTYtOGY4OC0zNDM2M2JjN2M0YzAiOnsiY3JlYXRlIjo2MDAwMDAwMDAwMDAsImRlbGV0ZSI6NjAwMDAwMDAwMDAwfSwic2NoZW1hX3ZlcnNpb24iOiIxIn0=",
          "dependencies": [
            "aws_vpc.my_training_VPC"
          ]
        }
      ]
    },
    {
      "mode": "managed",
      "type": "aws_subnet",
      "name": "my_private_subnets",
      "provider": "provider[\"registry.terraform.io/hashicorp/aws\"]",
      "instances": [
        {
          "index_key": 0,
          "schema_version": 1,
          "attributes": {
            "arn": "arn:aws:ec2:us-east-1:499679880366:subnet/subnet-0436f7111ba9633b1",
            "assign_ipv6_address_on_creation": false,
            "availability_zone": "us-east-1a",
            "availability_zone_id": "use1-az4",
            "cidr_block": "10.20.6.0/24",
            "customer_owned_ipv4_pool": "",
            "id": "subnet-0436f7111ba9633b1",
            "ipv6_cidr_block": "",
            "ipv6_cidr_block_association_id": "",
            "map_customer_owned_ip_on_launch": false,
            "map_public_ip_on_launch": false,
            "outpost_arn": "",
            "owner_id": "499679880366",
            "tags": {
              "Environment": "DEV",
              "Name": "My_Private_subnet-DEV-us-east-1a",
              "chargeCode": "000111222333"
            },
            "tags_all": {
              "Environment": "DEV",
              "Name": "My_Private_subnet-DEV-us-east-1a",
              "chargeCode": "000111222333"
            },
            "timeouts": null,
            "vpc_id": "vpc-0cd96db14b3c21a80"
          },
          "sensitive_attributes": [],
          "private": "eyJlMmJmYjczMC1lY2FhLTExZTYtOGY4OC0zNDM2M2JjN2M0YzAiOnsiY3JlYXRlIjo2MDAwMDAwMDAwMDAsImRlbGV0ZSI6MTIwMDAwMDAwMDAwMH0sInNjaGVtYV92ZXJzaW9uIjoiMSJ9",
          "dependencies": [
            "aws_vpc.my_training_VPC",
            "data.aws_availability_zones.current_azs"
          ]
        },
        {
          "index_key": 1,
          "schema_version": 1,
          "attributes": {
            "arn": "arn:aws:ec2:us-east-1:499679880366:subnet/subnet-0ca45ba5ea3c097dc",
            "assign_ipv6_address_on_creation": false,
            "availability_zone": "us-east-1b",
            "availability_zone_id": "use1-az6",
            "cidr_block": "10.20.7.0/24",
            "customer_owned_ipv4_pool": "",
            "id": "subnet-0ca45ba5ea3c097dc",
            "ipv6_cidr_block": "",
            "ipv6_cidr_block_association_id": "",
            "map_customer_owned_ip_on_launch": false,
            "map_public_ip_on_launch": false,
            "outpost_arn": "",
            "owner_id": "499679880366",
            "tags": {
              "Environment": "DEV",
              "Name": "My_Private_subnet-DEV-us-east-1b",
              "chargeCode": "000111222333"
            },
            "tags_all": {
              "Environment": "DEV",
              "Name": "My_Private_subnet-DEV-us-east-1b",
              "chargeCode": "000111222333"
            },
            "timeouts": null,
            "vpc_id": "vpc-0cd96db14b3c21a80"
          },
          "sensitive_attributes": [],
          "private": "eyJlMmJmYjczMC1lY2FhLTExZTYtOGY4OC0zNDM2M2JjN2M0YzAiOnsiY3JlYXRlIjo2MDAwMDAwMDAwMDAsImRlbGV0ZSI6MTIwMDAwMDAwMDAwMH0sInNjaGVtYV92ZXJzaW9uIjoiMSJ9",
          "dependencies": [
            "aws_vpc.my_training_VPC",
            "data.aws_availability_zones.current_azs"
          ]
        }
      ]
    },
    {
      "mode": "managed",
      "type": "aws_subnet",
      "name": "my_public_subnets",
      "provider": "provider[\"registry.terraform.io/hashicorp/aws\"]",
      "instances": [
        {
          "index_key": 0,
          "schema_version": 1,
          "attributes": {
            "arn": "arn:aws:ec2:us-east-1:499679880366:subnet/subnet-0fe93ef8ac4caf6a9",
            "assign_ipv6_address_on_creation": false,
            "availability_zone": "us-east-1a",
            "availability_zone_id": "use1-az4",
            "cidr_block": "10.20.0.0/24",
            "customer_owned_ipv4_pool": "",
            "id": "subnet-0fe93ef8ac4caf6a9",
            "ipv6_cidr_block": "",
            "ipv6_cidr_block_association_id": "",
            "map_customer_owned_ip_on_launch": false,
            "map_public_ip_on_launch": true,
            "outpost_arn": "",
            "owner_id": "499679880366",
            "tags": {
              "Environment": "DEV",
              "Name": "My_public_subnet-DEV-us-east-1a",
              "chargeCode": "000111222333"
            },
            "tags_all": {
              "Environment": "DEV",
              "Name": "My_public_subnet-DEV-us-east-1a",
              "chargeCode": "000111222333"
            },
            "timeouts": null,
            "vpc_id": "vpc-0cd96db14b3c21a80"
          },
          "sensitive_attributes": [],
          "private": "eyJlMmJmYjczMC1lY2FhLTExZTYtOGY4OC0zNDM2M2JjN2M0YzAiOnsiY3JlYXRlIjo2MDAwMDAwMDAwMDAsImRlbGV0ZSI6MTIwMDAwMDAwMDAwMH0sInNjaGVtYV92ZXJzaW9uIjoiMSJ9",
          "dependencies": [
            "aws_vpc.my_training_VPC",
            "data.aws_availability_zones.current_azs"
          ]
        },
        {
          "index_key": 1,
          "schema_version": 1,
          "attributes": {
            "arn": "arn:aws:ec2:us-east-1:499679880366:subnet/subnet-04de78b30cf3607b0",
            "assign_ipv6_address_on_creation": false,
            "availability_zone": "us-east-1b",
            "availability_zone_id": "use1-az6",
            "cidr_block": "10.20.1.0/24",
            "customer_owned_ipv4_pool": "",
            "id": "subnet-04de78b30cf3607b0",
            "ipv6_cidr_block": "",
            "ipv6_cidr_block_association_id": "",
            "map_customer_owned_ip_on_launch": false,
            "map_public_ip_on_launch": true,
            "outpost_arn": "",
            "owner_id": "499679880366",
            "tags": {
              "Environment": "DEV",
              "Name": "My_public_subnet-DEV-us-east-1b",
              "chargeCode": "000111222333"
            },
            "tags_all": {
              "Environment": "DEV",
              "Name": "My_public_subnet-DEV-us-east-1b",
              "chargeCode": "000111222333"
            },
            "timeouts": null,
            "vpc_id": "vpc-0cd96db14b3c21a80"
          },
          "sensitive_attributes": [],
          "private": "eyJlMmJmYjczMC1lY2FhLTExZTYtOGY4OC0zNDM2M2JjN2M0YzAiOnsiY3JlYXRlIjo2MDAwMDAwMDAwMDAsImRlbGV0ZSI6MTIwMDAwMDAwMDAwMH0sInNjaGVtYV92ZXJzaW9uIjoiMSJ9",
          "dependencies": [
            "aws_vpc.my_training_VPC",
            "data.aws_availability_zones.current_azs"
          ]
        },
        {
          "index_key": 2,
          "schema_version": 1,
          "attributes": {
            "arn": "arn:aws:ec2:us-east-1:499679880366:subnet/subnet-0a9f49e9e2c35fc18",
            "assign_ipv6_address_on_creation": false,
            "availability_zone": "us-east-1c",
            "availability_zone_id": "use1-az1",
            "cidr_block": "10.20.2.0/24",
            "customer_owned_ipv4_pool": "",
            "id": "subnet-0a9f49e9e2c35fc18",
            "ipv6_cidr_block": "",
            "ipv6_cidr_block_association_id": "",
            "map_customer_owned_ip_on_launch": false,
            "map_public_ip_on_launch": true,
            "outpost_arn": "",
            "owner_id": "499679880366",
            "tags": {
              "Environment": "DEV",
              "Name": "My_public_subnet-DEV-us-east-1c",
              "chargeCode": "000111222333"
            },
            "tags_all": {
              "Environment": "DEV",
              "Name": "My_public_subnet-DEV-us-east-1c",
              "chargeCode": "000111222333"
            },
            "timeouts": null,
            "vpc_id": "vpc-0cd96db14b3c21a80"
          },
          "sensitive_attributes": [],
          "private": "eyJlMmJmYjczMC1lY2FhLTExZTYtOGY4OC0zNDM2M2JjN2M0YzAiOnsiY3JlYXRlIjo2MDAwMDAwMDAwMDAsImRlbGV0ZSI6MTIwMDAwMDAwMDAwMH0sInNjaGVtYV92ZXJzaW9uIjoiMSJ9",
          "dependencies": [
            "aws_vpc.my_training_VPC",
            "data.aws_availability_zones.current_azs"
          ]
        },
        {
          "index_key": 3,
          "schema_version": 1,
          "attributes": {
            "arn": "arn:aws:ec2:us-east-1:499679880366:subnet/subnet-0c0c39fae42320e35",
            "assign_ipv6_address_on_creation": false,
            "availability_zone": "us-east-1d",
            "availability_zone_id": "use1-az2",
            "cidr_block": "10.20.3.0/24",
            "customer_owned_ipv4_pool": "",
            "id": "subnet-0c0c39fae42320e35",
            "ipv6_cidr_block": "",
            "ipv6_cidr_block_association_id": "",
            "map_customer_owned_ip_on_launch": false,
            "map_public_ip_on_launch": true,
            "outpost_arn": "",
            "owner_id": "499679880366",
            "tags": {
              "Environment": "DEV",
              "Name": "My_public_subnet-DEV-us-east-1d",
              "chargeCode": "000111222333"
            },
            "tags_all": {
              "Environment": "DEV",
              "Name": "My_public_subnet-DEV-us-east-1d",
              "chargeCode": "000111222333"
            },
            "timeouts": null,
            "vpc_id": "vpc-0cd96db14b3c21a80"
          },
          "sensitive_attributes": [],
          "private": "eyJlMmJmYjczMC1lY2FhLTExZTYtOGY4OC0zNDM2M2JjN2M0YzAiOnsiY3JlYXRlIjo2MDAwMDAwMDAwMDAsImRlbGV0ZSI6MTIwMDAwMDAwMDAwMH0sInNjaGVtYV92ZXJzaW9uIjoiMSJ9",
          "dependencies": [
            "aws_vpc.my_training_VPC",
            "data.aws_availability_zones.current_azs"
          ]
        },
        {
          "index_key": 4,
          "schema_version": 1,
          "attributes": {
            "arn": "arn:aws:ec2:us-east-1:499679880366:subnet/subnet-0d65669148050c635",
            "assign_ipv6_address_on_creation": false,
            "availability_zone": "us-east-1e",
            "availability_zone_id": "use1-az3",
            "cidr_block": "10.20.4.0/24",
            "customer_owned_ipv4_pool": "",
            "id": "subnet-0d65669148050c635",
            "ipv6_cidr_block": "",
            "ipv6_cidr_block_association_id": "",
            "map_customer_owned_ip_on_launch": false,
            "map_public_ip_on_launch": true,
            "outpost_arn": "",
            "owner_id": "499679880366",
            "tags": {
              "Environment": "DEV",
              "Name": "My_public_subnet-DEV-us-east-1e",
              "chargeCode": "000111222333"
            },
            "tags_all": {
              "Environment": "DEV",
              "Name": "My_public_subnet-DEV-us-east-1e",
              "chargeCode": "000111222333"
            },
            "timeouts": null,
            "vpc_id": "vpc-0cd96db14b3c21a80"
          },
          "sensitive_attributes": [],
          "private": "eyJlMmJmYjczMC1lY2FhLTExZTYtOGY4OC0zNDM2M2JjN2M0YzAiOnsiY3JlYXRlIjo2MDAwMDAwMDAwMDAsImRlbGV0ZSI6MTIwMDAwMDAwMDAwMH0sInNjaGVtYV92ZXJzaW9uIjoiMSJ9",
          "dependencies": [
            "aws_vpc.my_training_VPC",
            "data.aws_availability_zones.current_azs"
          ]
        },
        {
          "index_key": 5,
          "schema_version": 1,
          "attributes": {
            "arn": "arn:aws:ec2:us-east-1:499679880366:subnet/subnet-0b62164b1851599bb",
            "assign_ipv6_address_on_creation": false,
            "availability_zone": "us-east-1f",
            "availability_zone_id": "use1-az5",
            "cidr_block": "10.20.5.0/24",
            "customer_owned_ipv4_pool": "",
            "id": "subnet-0b62164b1851599bb",
            "ipv6_cidr_block": "",
            "ipv6_cidr_block_association_id": "",
            "map_customer_owned_ip_on_launch": false,
            "map_public_ip_on_launch": true,
            "outpost_arn": "",
            "owner_id": "499679880366",
            "tags": {
              "Environment": "DEV",
              "Name": "My_public_subnet-DEV-us-east-1f",
              "chargeCode": "000111222333"
            },
            "tags_all": {
              "Environment": "DEV",
              "Name": "My_public_subnet-DEV-us-east-1f",
              "chargeCode": "000111222333"
            },
            "timeouts": null,
            "vpc_id": "vpc-0cd96db14b3c21a80"
          },
          "sensitive_attributes": [],
          "private": "eyJlMmJmYjczMC1lY2FhLTExZTYtOGY4OC0zNDM2M2JjN2M0YzAiOnsiY3JlYXRlIjo2MDAwMDAwMDAwMDAsImRlbGV0ZSI6MTIwMDAwMDAwMDAwMH0sInNjaGVtYV92ZXJzaW9uIjoiMSJ9",
          "dependencies": [
            "aws_vpc.my_training_VPC",
            "data.aws_availability_zones.current_azs"
          ]
        }
      ]
    },
    {
      "mode": "managed",
      "type": "aws_vpc",
      "name": "my_training_VPC",
      "provider": "provider[\"registry.terraform.io/hashicorp/aws\"]",
      "instances": [
        {
          "schema_version": 1,
          "attributes": {
            "arn": "arn:aws:ec2:us-east-1:499679880366:vpc/vpc-0cd96db14b3c21a80",
            "assign_generated_ipv6_cidr_block": false,
            "cidr_block": "10.20.0.0/16",
            "default_network_acl_id": "acl-0af7195bd2f3a99c5",
            "default_route_table_id": "rtb-0f8cacd90b0a10f7a",
            "default_security_group_id": "sg-0a31e60a90e278dc5",
            "dhcp_options_id": "dopt-4b03e431",
            "enable_classiclink": false,
            "enable_classiclink_dns_support": false,
            "enable_dns_hostnames": false,
            "enable_dns_support": true,
            "id": "vpc-0cd96db14b3c21a80",
            "instance_tenancy": "default",
            "ipv6_association_id": "",
            "ipv6_cidr_block": "",
            "main_route_table_id": "rtb-0f8cacd90b0a10f7a",
            "owner_id": "499679880366",
            "tags": {
              "Environment": "DEV",
              "Name": "My_VPC-DEV",
              "chargeCode": "000111222333"
            },
            "tags_all": {
              "Environment": "DEV",
              "Name": "My_VPC-DEV",
              "chargeCode": "000111222333"
            }
          },
          "sensitive_attributes": [],
          "private": "eyJzY2hlbWFfdmVyc2lvbiI6IjEifQ=="
        }
      ]
    }
  ]
}
