{
  "version": 4,
  "terraform_version": "0.14.8",
  "serial": 3,
  "lineage": "8d113e0e-e12d-c854-6430-fadb835723bd",
  "outputs": {},
  "resources": [
    {
      "mode": "managed",
      "type": "aws_vpc",
      "name": "my_training_VPC",
      "provider": "provider[\"registry.terraform.io/hashicorp/aws\"]",
      "instances": [
        {
          "schema_version": 1,
          "attributes": {
            "arn": "arn:aws:ec2:us-east-1:106154677277:vpc/vpc-01784b7277ecc9fae",
            "assign_generated_ipv6_cidr_block": false,
            "cidr_block": "10.0.0.0/16",
            "default_network_acl_id": "acl-09bb14190c1968668",
            "default_route_table_id": "rtb-01f00efb8c9f70426",
            "default_security_group_id": "sg-018d677d448d42718",
            "dhcp_options_id": "dopt-73520c09",
            "enable_classiclink": false,
            "enable_classiclink_dns_support": false,
            "enable_dns_hostnames": false,
            "enable_dns_support": true,
            "id": "vpc-01784b7277ecc9fae",
            "instance_tenancy": "default",
            "ipv6_association_id": "",
            "ipv6_cidr_block": "",
            "main_route_table_id": "rtb-01f00efb8c9f70426",
            "owner_id": "106154677277",
            "tags": {
              "Environment": "PROD",
              "Name": "My_VPC-PROD",
              "chargeCode": "010121232343"
            },
            "tags_all": {
              "Environment": "PROD",
              "Name": "My_VPC-PROD",
              "chargeCode": "010121232343"
            }
          },
          "sensitive_attributes": [],
          "private": "eyJzY2hlbWFfdmVyc2lvbiI6IjEifQ=="
        }
      ]
    }
  ]
}
